# This file is automatically @generated by Poetry 1.7.0 and should not be changed by hand.

[[package]]
name = "annotated-types"
version = "0.6.0"
description = "Reusable constraint types to use with typing.Annotated"
optional = false
python-versions = ">=3.8"
files = [
    {file = "annotated_types-0.6.0-py3-none-any.whl", hash = "sha256:0641064de18ba7a25dee8f96403ebc39113d0cb953a01429249d5c7564666a43"},
    {file = "annotated_types-0.6.0.tar.gz", hash = "sha256:563339e807e53ffd9c267e99fc6d9ea23eb8443c08f112651963e24e22f84a5d"},
]

[[package]]
name = "anyio"
version = "3.7.1"
description = "High level compatibility layer for multiple asynchronous event loop implementations"
optional = false
python-versions = ">=3.7"
files = [
    {file = "anyio-3.7.1-py3-none-any.whl", hash = "sha256:91dee416e570e92c64041bd18b900d1d6fa78dff7048769ce5ac5ddad004fbb5"},
    {file = "anyio-3.7.1.tar.gz", hash = "sha256:44a3c9aba0f5defa43261a8b3efb97891f2bd7d804e0e1f56419befa1adfc780"},
]

[package.dependencies]
exceptiongroup = {version = "*", markers = "python_version < \"3.11\""}
idna = ">=2.8"
sniffio = ">=1.1"

[package.extras]
doc = ["Sphinx", "packaging", "sphinx-autodoc-typehints (>=1.2.0)", "sphinx-rtd-theme (>=1.2.2)", "sphinxcontrib-jquery"]
test = ["anyio[trio]", "coverage[toml] (>=4.5)", "hypothesis (>=4.0)", "mock (>=4)", "psutil (>=5.9)", "pytest (>=7.0)", "pytest-mock (>=3.6.1)", "trustme", "uvloop (>=0.17)"]
trio = ["trio (<0.22)"]

[[package]]
name = "certifi"
version = "2023.11.17"
description = "Python package for providing Mozilla's CA Bundle."
optional = false
python-versions = ">=3.6"
files = [
    {file = "certifi-2023.11.17-py3-none-any.whl", hash = "sha256:e036ab49d5b79556f99cfc2d9320b34cfbe5be05c5871b51de9329f0603b0474"},
    {file = "certifi-2023.11.17.tar.gz", hash = "sha256:9b469f3a900bf28dc19b8cfbf8019bf47f7fdd1a65a1d4ffb98fc14166beb4d1"},
]

[[package]]
name = "cffi"
version = "1.16.0"
description = "Foreign Function Interface for Python calling C code."
optional = false
python-versions = ">=3.8"
files = [
    {file = "cffi-1.16.0-cp310-cp310-macosx_10_9_x86_64.whl", hash = "sha256:6b3d6606d369fc1da4fd8c357d026317fbb9c9b75d36dc16e90e84c26854b088"},
    {file = "cffi-1.16.0-cp310-cp310-macosx_11_0_arm64.whl", hash = "sha256:ac0f5edd2360eea2f1daa9e26a41db02dd4b0451b48f7c318e217ee092a213e9"},
    {file = "cffi-1.16.0-cp310-cp310-manylinux_2_12_i686.manylinux2010_i686.manylinux_2_17_i686.manylinux2014_i686.whl", hash = "sha256:7e61e3e4fa664a8588aa25c883eab612a188c725755afff6289454d6362b9673"},
    {file = "cffi-1.16.0-cp310-cp310-manylinux_2_17_aarch64.manylinux2014_aarch64.whl", hash = "sha256:a72e8961a86d19bdb45851d8f1f08b041ea37d2bd8d4fd19903bc3083d80c896"},
    {file = "cffi-1.16.0-cp310-cp310-manylinux_2_17_ppc64le.manylinux2014_ppc64le.whl", hash = "sha256:5b50bf3f55561dac5438f8e70bfcdfd74543fd60df5fa5f62d94e5867deca684"},
    {file = "cffi-1.16.0-cp310-cp310-manylinux_2_17_s390x.manylinux2014_s390x.whl", hash = "sha256:7651c50c8c5ef7bdb41108b7b8c5a83013bfaa8a935590c5d74627c047a583c7"},
    {file = "cffi-1.16.0-cp310-cp310-manylinux_2_17_x86_64.manylinux2014_x86_64.whl", hash = "sha256:e4108df7fe9b707191e55f33efbcb2d81928e10cea45527879a4749cbe472614"},
    {file = "cffi-1.16.0-cp310-cp310-musllinux_1_1_i686.whl", hash = "sha256:32c68ef735dbe5857c810328cb2481e24722a59a2003018885514d4c09af9743"},
    {file = "cffi-1.16.0-cp310-cp310-musllinux_1_1_x86_64.whl", hash = "sha256:673739cb539f8cdaa07d92d02efa93c9ccf87e345b9a0b556e3ecc666718468d"},
    {file = "cffi-1.16.0-cp310-cp310-win32.whl", hash = "sha256:9f90389693731ff1f659e55c7d1640e2ec43ff725cc61b04b2f9c6d8d017df6a"},
    {file = "cffi-1.16.0-cp310-cp310-win_amd64.whl", hash = "sha256:e6024675e67af929088fda399b2094574609396b1decb609c55fa58b028a32a1"},
    {file = "cffi-1.16.0-cp311-cp311-macosx_10_9_x86_64.whl", hash = "sha256:b84834d0cf97e7d27dd5b7f3aca7b6e9263c56308ab9dc8aae9784abb774d404"},
    {file = "cffi-1.16.0-cp311-cp311-macosx_11_0_arm64.whl", hash = "sha256:1b8ebc27c014c59692bb2664c7d13ce7a6e9a629be20e54e7271fa696ff2b417"},
    {file = "cffi-1.16.0-cp311-cp311-manylinux_2_12_i686.manylinux2010_i686.manylinux_2_17_i686.manylinux2014_i686.whl", hash = "sha256:ee07e47c12890ef248766a6e55bd38ebfb2bb8edd4142d56db91b21ea68b7627"},
    {file = "cffi-1.16.0-cp311-cp311-manylinux_2_17_aarch64.manylinux2014_aarch64.whl", hash = "sha256:d8a9d3ebe49f084ad71f9269834ceccbf398253c9fac910c4fd7053ff1386936"},
    {file = "cffi-1.16.0-cp311-cp311-manylinux_2_17_ppc64le.manylinux2014_ppc64le.whl", hash = "sha256:e70f54f1796669ef691ca07d046cd81a29cb4deb1e5f942003f401c0c4a2695d"},
    {file = "cffi-1.16.0-cp311-cp311-manylinux_2_17_s390x.manylinux2014_s390x.whl", hash = "sha256:5bf44d66cdf9e893637896c7faa22298baebcd18d1ddb6d2626a6e39793a1d56"},
    {file = "cffi-1.16.0-cp311-cp311-manylinux_2_17_x86_64.manylinux2014_x86_64.whl", hash = "sha256:7b78010e7b97fef4bee1e896df8a4bbb6712b7f05b7ef630f9d1da00f6444d2e"},
    {file = "cffi-1.16.0-cp311-cp311-musllinux_1_1_i686.whl", hash = "sha256:c6a164aa47843fb1b01e941d385aab7215563bb8816d80ff3a363a9f8448a8dc"},
    {file = "cffi-1.16.0-cp311-cp311-musllinux_1_1_x86_64.whl", hash = "sha256:e09f3ff613345df5e8c3667da1d918f9149bd623cd9070c983c013792a9a62eb"},
    {file = "cffi-1.16.0-cp311-cp311-win32.whl", hash = "sha256:2c56b361916f390cd758a57f2e16233eb4f64bcbeee88a4881ea90fca14dc6ab"},
    {file = "cffi-1.16.0-cp311-cp311-win_amd64.whl", hash = "sha256:db8e577c19c0fda0beb7e0d4e09e0ba74b1e4c092e0e40bfa12fe05b6f6d75ba"},
    {file = "cffi-1.16.0-cp312-cp312-macosx_10_9_x86_64.whl", hash = "sha256:fa3a0128b152627161ce47201262d3140edb5a5c3da88d73a1b790a959126956"},
    {file = "cffi-1.16.0-cp312-cp312-macosx_11_0_arm64.whl", hash = "sha256:68e7c44931cc171c54ccb702482e9fc723192e88d25a0e133edd7aff8fcd1f6e"},
    {file = "cffi-1.16.0-cp312-cp312-manylinux_2_12_i686.manylinux2010_i686.manylinux_2_17_i686.manylinux2014_i686.whl", hash = "sha256:abd808f9c129ba2beda4cfc53bde801e5bcf9d6e0f22f095e45327c038bfe68e"},
    {file = "cffi-1.16.0-cp312-cp312-manylinux_2_17_aarch64.manylinux2014_aarch64.whl", hash = "sha256:88e2b3c14bdb32e440be531ade29d3c50a1a59cd4e51b1dd8b0865c54ea5d2e2"},
    {file = "cffi-1.16.0-cp312-cp312-manylinux_2_17_ppc64le.manylinux2014_ppc64le.whl", hash = "sha256:fcc8eb6d5902bb1cf6dc4f187ee3ea80a1eba0a89aba40a5cb20a5087d961357"},
    {file = "cffi-1.16.0-cp312-cp312-manylinux_2_17_s390x.manylinux2014_s390x.whl", hash = "sha256:b7be2d771cdba2942e13215c4e340bfd76398e9227ad10402a8767ab1865d2e6"},
    {file = "cffi-1.16.0-cp312-cp312-manylinux_2_17_x86_64.manylinux2014_x86_64.whl", hash = "sha256:e715596e683d2ce000574bae5d07bd522c781a822866c20495e52520564f0969"},
    {file = "cffi-1.16.0-cp312-cp312-musllinux_1_1_x86_64.whl", hash = "sha256:2d92b25dbf6cae33f65005baf472d2c245c050b1ce709cc4588cdcdd5495b520"},
    {file = "cffi-1.16.0-cp312-cp312-win32.whl", hash = "sha256:b2ca4e77f9f47c55c194982e10f058db063937845bb2b7a86c84a6cfe0aefa8b"},
    {file = "cffi-1.16.0-cp312-cp312-win_amd64.whl", hash = "sha256:68678abf380b42ce21a5f2abde8efee05c114c2fdb2e9eef2efdb0257fba1235"},
    {file = "cffi-1.16.0-cp38-cp38-macosx_10_9_x86_64.whl", hash = "sha256:0c9ef6ff37e974b73c25eecc13952c55bceed9112be2d9d938ded8e856138bcc"},
    {file = "cffi-1.16.0-cp38-cp38-manylinux_2_12_i686.manylinux2010_i686.manylinux_2_17_i686.manylinux2014_i686.whl", hash = "sha256:a09582f178759ee8128d9270cd1344154fd473bb77d94ce0aeb2a93ebf0feaf0"},
    {file = "cffi-1.16.0-cp38-cp38-manylinux_2_17_aarch64.manylinux2014_aarch64.whl", hash = "sha256:e760191dd42581e023a68b758769e2da259b5d52e3103c6060ddc02c9edb8d7b"},
    {file = "cffi-1.16.0-cp38-cp38-manylinux_2_17_ppc64le.manylinux2014_ppc64le.whl", hash = "sha256:80876338e19c951fdfed6198e70bc88f1c9758b94578d5a7c4c91a87af3cf31c"},
    {file = "cffi-1.16.0-cp38-cp38-manylinux_2_17_s390x.manylinux2014_s390x.whl", hash = "sha256:a6a14b17d7e17fa0d207ac08642c8820f84f25ce17a442fd15e27ea18d67c59b"},
    {file = "cffi-1.16.0-cp38-cp38-manylinux_2_17_x86_64.manylinux2014_x86_64.whl", hash = "sha256:6602bc8dc6f3a9e02b6c22c4fc1e47aa50f8f8e6d3f78a5e16ac33ef5fefa324"},
    {file = "cffi-1.16.0-cp38-cp38-win32.whl", hash = "sha256:131fd094d1065b19540c3d72594260f118b231090295d8c34e19a7bbcf2e860a"},
    {file = "cffi-1.16.0-cp38-cp38-win_amd64.whl", hash = "sha256:31d13b0f99e0836b7ff893d37af07366ebc90b678b6664c955b54561fc36ef36"},
    {file = "cffi-1.16.0-cp39-cp39-macosx_10_9_x86_64.whl", hash = "sha256:582215a0e9adbe0e379761260553ba11c58943e4bbe9c36430c4ca6ac74b15ed"},
    {file = "cffi-1.16.0-cp39-cp39-macosx_11_0_arm64.whl", hash = "sha256:b29ebffcf550f9da55bec9e02ad430c992a87e5f512cd63388abb76f1036d8d2"},
    {file = "cffi-1.16.0-cp39-cp39-manylinux_2_12_i686.manylinux2010_i686.manylinux_2_17_i686.manylinux2014_i686.whl", hash = "sha256:dc9b18bf40cc75f66f40a7379f6a9513244fe33c0e8aa72e2d56b0196a7ef872"},
    {file = "cffi-1.16.0-cp39-cp39-manylinux_2_17_aarch64.manylinux2014_aarch64.whl", hash = "sha256:9cb4a35b3642fc5c005a6755a5d17c6c8b6bcb6981baf81cea8bfbc8903e8ba8"},
    {file = "cffi-1.16.0-cp39-cp39-manylinux_2_17_ppc64le.manylinux2014_ppc64le.whl", hash = "sha256:b86851a328eedc692acf81fb05444bdf1891747c25af7529e39ddafaf68a4f3f"},
    {file = "cffi-1.16.0-cp39-cp39-manylinux_2_17_s390x.manylinux2014_s390x.whl", hash = "sha256:c0f31130ebc2d37cdd8e44605fb5fa7ad59049298b3f745c74fa74c62fbfcfc4"},
    {file = "cffi-1.16.0-cp39-cp39-manylinux_2_17_x86_64.manylinux2014_x86_64.whl", hash = "sha256:8f8e709127c6c77446a8c0a8c8bf3c8ee706a06cd44b1e827c3e6a2ee6b8c098"},
    {file = "cffi-1.16.0-cp39-cp39-musllinux_1_1_i686.whl", hash = "sha256:748dcd1e3d3d7cd5443ef03ce8685043294ad6bd7c02a38d1bd367cfd968e000"},
    {file = "cffi-1.16.0-cp39-cp39-musllinux_1_1_x86_64.whl", hash = "sha256:8895613bcc094d4a1b2dbe179d88d7fb4a15cee43c052e8885783fac397d91fe"},
    {file = "cffi-1.16.0-cp39-cp39-win32.whl", hash = "sha256:ed86a35631f7bfbb28e108dd96773b9d5a6ce4811cf6ea468bb6a359b256b1e4"},
    {file = "cffi-1.16.0-cp39-cp39-win_amd64.whl", hash = "sha256:3686dffb02459559c74dd3d81748269ffb0eb027c39a6fc99502de37d501faa8"},
    {file = "cffi-1.16.0.tar.gz", hash = "sha256:bcb3ef43e58665bbda2fb198698fcae6776483e0c4a631aa5647806c25e02cc0"},
]

[package.dependencies]
pycparser = "*"

[[package]]
name = "colorama"
version = "0.4.6"
description = "Cross-platform colored terminal text."
optional = false
python-versions = "!=3.0.*,!=3.1.*,!=3.2.*,!=3.3.*,!=3.4.*,!=3.5.*,!=3.6.*,>=2.7"
files = [
    {file = "colorama-0.4.6-py2.py3-none-any.whl", hash = "sha256:4f1d9991f5acc0ca119f9d443620b77f9d6b33703e51011c16baf57afb285fc6"},
    {file = "colorama-0.4.6.tar.gz", hash = "sha256:08695f5cb7ed6e0531a20572697297273c47b8cae5a63ffc6d6ed5c201be6e44"},
]

[[package]]
name = "distro"
version = "1.8.0"
description = "Distro - an OS platform information API"
optional = false
python-versions = ">=3.6"
files = [
    {file = "distro-1.8.0-py3-none-any.whl", hash = "sha256:99522ca3e365cac527b44bde033f64c6945d90eb9f769703caaec52b09bbd3ff"},
    {file = "distro-1.8.0.tar.gz", hash = "sha256:02e111d1dc6a50abb8eed6bf31c3e48ed8b0830d1ea2a1b78c61765c2513fdd8"},
]

[[package]]
name = "exceptiongroup"
version = "1.1.3"
description = "Backport of PEP 654 (exception groups)"
optional = false
python-versions = ">=3.7"
files = [
    {file = "exceptiongroup-1.1.3-py3-none-any.whl", hash = "sha256:343280667a4585d195ca1cf9cef84a4e178c4b6cf2274caef9859782b567d5e3"},
    {file = "exceptiongroup-1.1.3.tar.gz", hash = "sha256:097acd85d473d75af5bb98e41b61ff7fe35efe6675e4f9370ec6ec5126d160e9"},
]

[package.extras]
test = ["pytest (>=6)"]

[[package]]
name = "h11"
version = "0.14.0"
description = "A pure-Python, bring-your-own-I/O implementation of HTTP/1.1"
optional = false
python-versions = ">=3.7"
files = [
    {file = "h11-0.14.0-py3-none-any.whl", hash = "sha256:e3fe4ac4b851c468cc8363d500db52c2ead036020723024a109d37346efaa761"},
    {file = "h11-0.14.0.tar.gz", hash = "sha256:8f19fbbe99e72420ff35c00b27a34cb9937e902a8b810e2c88300c6f0a3b699d"},
]

[[package]]
name = "httpcore"
version = "1.0.2"
description = "A minimal low-level HTTP client."
optional = false
python-versions = ">=3.8"
files = [
    {file = "httpcore-1.0.2-py3-none-any.whl", hash = "sha256:096cc05bca73b8e459a1fc3dcf585148f63e534eae4339559c9b8a8d6399acc7"},
    {file = "httpcore-1.0.2.tar.gz", hash = "sha256:9fc092e4799b26174648e54b74ed5f683132a464e95643b226e00c2ed2fa6535"},
]

[package.dependencies]
certifi = "*"
h11 = ">=0.13,<0.15"

[package.extras]
asyncio = ["anyio (>=4.0,<5.0)"]
http2 = ["h2 (>=3,<5)"]
socks = ["socksio (==1.*)"]
trio = ["trio (>=0.22.0,<0.23.0)"]

[[package]]
name = "httpx"
version = "0.25.1"
description = "The next generation HTTP client."
optional = false
python-versions = ">=3.8"
files = [
    {file = "httpx-0.25.1-py3-none-any.whl", hash = "sha256:fec7d6cc5c27c578a391f7e87b9aa7d3d8fbcd034f6399f9f79b45bcc12a866a"},
    {file = "httpx-0.25.1.tar.gz", hash = "sha256:ffd96d5cf901e63863d9f1b4b6807861dbea4d301613415d9e6e57ead15fc5d0"},
]

[package.dependencies]
anyio = "*"
certifi = "*"
httpcore = "*"
idna = "*"
sniffio = "*"

[package.extras]
brotli = ["brotli", "brotlicffi"]
cli = ["click (==8.*)", "pygments (==2.*)", "rich (>=10,<14)"]
http2 = ["h2 (>=3,<5)"]
socks = ["socksio (==1.*)"]

[[package]]
name = "idna"
version = "3.4"
description = "Internationalized Domain Names in Applications (IDNA)"
optional = false
python-versions = ">=3.5"
files = [
    {file = "idna-3.4-py3-none-any.whl", hash = "sha256:90b77e79eaa3eba6de819a0c442c0b4ceefc341a7a2ab77d7562bf49f425c5c2"},
    {file = "idna-3.4.tar.gz", hash = "sha256:814f528e8dead7d329833b91c5faa87d60bf71824cd12a7530b5526063d02cb4"},
]

[[package]]
name = "loguru"
version = "0.7.2"
description = "Python logging made (stupidly) simple"
optional = false
python-versions = ">=3.5"
files = [
    {file = "loguru-0.7.2-py3-none-any.whl", hash = "sha256:003d71e3d3ed35f0f8984898359d65b79e5b21943f78af86aa5491210429b8eb"},
    {file = "loguru-0.7.2.tar.gz", hash = "sha256:e671a53522515f34fd406340ee968cb9ecafbc4b36c679da03c18fd8d0bd51ac"},
]

[package.dependencies]
colorama = {version = ">=0.3.4", markers = "sys_platform == \"win32\""}
win32-setctime = {version = ">=1.0.0", markers = "sys_platform == \"win32\""}

[package.extras]
dev = ["Sphinx (==7.2.5)", "colorama (==0.4.5)", "colorama (==0.4.6)", "exceptiongroup (==1.1.3)", "freezegun (==1.1.0)", "freezegun (==1.2.2)", "mypy (==v0.910)", "mypy (==v0.971)", "mypy (==v1.4.1)", "mypy (==v1.5.1)", "pre-commit (==3.4.0)", "pytest (==6.1.2)", "pytest (==7.4.0)", "pytest-cov (==2.12.1)", "pytest-cov (==4.1.0)", "pytest-mypy-plugins (==1.9.3)", "pytest-mypy-plugins (==3.0.0)", "sphinx-autobuild (==2021.3.14)", "sphinx-rtd-theme (==1.3.0)", "tox (==3.27.1)", "tox (==4.11.0)"]

[[package]]
name = "numpy"
version = "1.26.2"
description = "Fundamental package for array computing in Python"
optional = false
python-versions = ">=3.9"
files = [
    {file = "numpy-1.26.2-cp310-cp310-macosx_10_9_x86_64.whl", hash = "sha256:3703fc9258a4a122d17043e57b35e5ef1c5a5837c3db8be396c82e04c1cf9b0f"},
    {file = "numpy-1.26.2-cp310-cp310-macosx_11_0_arm64.whl", hash = "sha256:cc392fdcbd21d4be6ae1bb4475a03ce3b025cd49a9be5345d76d7585aea69440"},
    {file = "numpy-1.26.2-cp310-cp310-manylinux_2_17_aarch64.manylinux2014_aarch64.whl", hash = "sha256:36340109af8da8805d8851ef1d74761b3b88e81a9bd80b290bbfed61bd2b4f75"},
    {file = "numpy-1.26.2-cp310-cp310-manylinux_2_17_x86_64.manylinux2014_x86_64.whl", hash = "sha256:bcc008217145b3d77abd3e4d5ef586e3bdfba8fe17940769f8aa09b99e856c00"},
    {file = "numpy-1.26.2-cp310-cp310-musllinux_1_1_aarch64.whl", hash = "sha256:3ced40d4e9e18242f70dd02d739e44698df3dcb010d31f495ff00a31ef6014fe"},
    {file = "numpy-1.26.2-cp310-cp310-musllinux_1_1_x86_64.whl", hash = "sha256:b272d4cecc32c9e19911891446b72e986157e6a1809b7b56518b4f3755267523"},
    {file = "numpy-1.26.2-cp310-cp310-win32.whl", hash = "sha256:22f8fc02fdbc829e7a8c578dd8d2e15a9074b630d4da29cda483337e300e3ee9"},
    {file = "numpy-1.26.2-cp310-cp310-win_amd64.whl", hash = "sha256:26c9d33f8e8b846d5a65dd068c14e04018d05533b348d9eaeef6c1bd787f9919"},
    {file = "numpy-1.26.2-cp311-cp311-macosx_10_9_x86_64.whl", hash = "sha256:b96e7b9c624ef3ae2ae0e04fa9b460f6b9f17ad8b4bec6d7756510f1f6c0c841"},
    {file = "numpy-1.26.2-cp311-cp311-macosx_11_0_arm64.whl", hash = "sha256:aa18428111fb9a591d7a9cc1b48150097ba6a7e8299fb56bdf574df650e7d1f1"},
    {file = "numpy-1.26.2-cp311-cp311-manylinux_2_17_aarch64.manylinux2014_aarch64.whl", hash = "sha256:06fa1ed84aa60ea6ef9f91ba57b5ed963c3729534e6e54055fc151fad0423f0a"},
    {file = "numpy-1.26.2-cp311-cp311-manylinux_2_17_x86_64.manylinux2014_x86_64.whl", hash = "sha256:96ca5482c3dbdd051bcd1fce8034603d6ebfc125a7bd59f55b40d8f5d246832b"},
    {file = "numpy-1.26.2-cp311-cp311-musllinux_1_1_aarch64.whl", hash = "sha256:854ab91a2906ef29dc3925a064fcd365c7b4da743f84b123002f6139bcb3f8a7"},
    {file = "numpy-1.26.2-cp311-cp311-musllinux_1_1_x86_64.whl", hash = "sha256:f43740ab089277d403aa07567be138fc2a89d4d9892d113b76153e0e412409f8"},
    {file = "numpy-1.26.2-cp311-cp311-win32.whl", hash = "sha256:a2bbc29fcb1771cd7b7425f98b05307776a6baf43035d3b80c4b0f29e9545186"},
    {file = "numpy-1.26.2-cp311-cp311-win_amd64.whl", hash = "sha256:2b3fca8a5b00184828d12b073af4d0fc5fdd94b1632c2477526f6bd7842d700d"},
    {file = "numpy-1.26.2-cp312-cp312-macosx_10_9_x86_64.whl", hash = "sha256:a4cd6ed4a339c21f1d1b0fdf13426cb3b284555c27ac2f156dfdaaa7e16bfab0"},
    {file = "numpy-1.26.2-cp312-cp312-macosx_11_0_arm64.whl", hash = "sha256:5d5244aabd6ed7f312268b9247be47343a654ebea52a60f002dc70c769048e75"},
    {file = "numpy-1.26.2-cp312-cp312-manylinux_2_17_aarch64.manylinux2014_aarch64.whl", hash = "sha256:6a3cdb4d9c70e6b8c0814239ead47da00934666f668426fc6e94cce869e13fd7"},
    {file = "numpy-1.26.2-cp312-cp312-manylinux_2_17_x86_64.manylinux2014_x86_64.whl", hash = "sha256:aa317b2325f7aa0a9471663e6093c210cb2ae9c0ad824732b307d2c51983d5b6"},
    {file = "numpy-1.26.2-cp312-cp312-musllinux_1_1_aarch64.whl", hash = "sha256:174a8880739c16c925799c018f3f55b8130c1f7c8e75ab0a6fa9d41cab092fd6"},
    {file = "numpy-1.26.2-cp312-cp312-musllinux_1_1_x86_64.whl", hash = "sha256:f79b231bf5c16b1f39c7f4875e1ded36abee1591e98742b05d8a0fb55d8a3eec"},
    {file = "numpy-1.26.2-cp312-cp312-win32.whl", hash = "sha256:4a06263321dfd3598cacb252f51e521a8cb4b6df471bb12a7ee5cbab20ea9167"},
    {file = "numpy-1.26.2-cp312-cp312-win_amd64.whl", hash = "sha256:b04f5dc6b3efdaab541f7857351aac359e6ae3c126e2edb376929bd3b7f92d7e"},
    {file = "numpy-1.26.2-cp39-cp39-macosx_10_9_x86_64.whl", hash = "sha256:4eb8df4bf8d3d90d091e0146f6c28492b0be84da3e409ebef54349f71ed271ef"},
    {file = "numpy-1.26.2-cp39-cp39-macosx_11_0_arm64.whl", hash = "sha256:1a13860fdcd95de7cf58bd6f8bc5a5ef81c0b0625eb2c9a783948847abbef2c2"},
    {file = "numpy-1.26.2-cp39-cp39-manylinux_2_17_aarch64.manylinux2014_aarch64.whl", hash = "sha256:64308ebc366a8ed63fd0bf426b6a9468060962f1a4339ab1074c228fa6ade8e3"},
    {file = "numpy-1.26.2-cp39-cp39-manylinux_2_17_x86_64.manylinux2014_x86_64.whl", hash = "sha256:baf8aab04a2c0e859da118f0b38617e5ee65d75b83795055fb66c0d5e9e9b818"},
    {file = "numpy-1.26.2-cp39-cp39-musllinux_1_1_aarch64.whl", hash = "sha256:d73a3abcac238250091b11caef9ad12413dab01669511779bc9b29261dd50210"},
    {file = "numpy-1.26.2-cp39-cp39-musllinux_1_1_x86_64.whl", hash = "sha256:b361d369fc7e5e1714cf827b731ca32bff8d411212fccd29ad98ad622449cc36"},
    {file = "numpy-1.26.2-cp39-cp39-win32.whl", hash = "sha256:bd3f0091e845164a20bd5a326860c840fe2af79fa12e0469a12768a3ec578d80"},
    {file = "numpy-1.26.2-cp39-cp39-win_amd64.whl", hash = "sha256:2beef57fb031dcc0dc8fa4fe297a742027b954949cabb52a2a376c144e5e6060"},
    {file = "numpy-1.26.2-pp39-pypy39_pp73-macosx_10_9_x86_64.whl", hash = "sha256:1cc3d5029a30fb5f06704ad6b23b35e11309491c999838c31f124fee32107c79"},
    {file = "numpy-1.26.2-pp39-pypy39_pp73-manylinux_2_17_x86_64.manylinux2014_x86_64.whl", hash = "sha256:94cc3c222bb9fb5a12e334d0479b97bb2df446fbe622b470928f5284ffca3f8d"},
    {file = "numpy-1.26.2-pp39-pypy39_pp73-win_amd64.whl", hash = "sha256:fe6b44fb8fcdf7eda4ef4461b97b3f63c466b27ab151bec2366db8b197387841"},
    {file = "numpy-1.26.2.tar.gz", hash = "sha256:f65738447676ab5777f11e6bbbdb8ce11b785e105f690bc45966574816b6d3ea"},
]

[[package]]
name = "openai"
version = "1.3.3"
description = "The official Python library for the openai API"
optional = false
python-versions = ">=3.7.1"
files = [
    {file = "openai-1.3.3-py3-none-any.whl", hash = "sha256:b81001f04ec6ed4a3b795e6e037315f83b255656014b1ed3e57e637a12ed1dae"},
    {file = "openai-1.3.3.tar.gz", hash = "sha256:7917e363087107d9c9aa867be62fd80884ff7be553ec0a4836749fe6e6c02eca"},
]

[package.dependencies]
anyio = ">=3.5.0,<4"
distro = ">=1.7.0,<2"
httpx = ">=0.23.0,<1"
pydantic = ">=1.9.0,<3"
tqdm = ">4"
typing-extensions = ">=4.5,<5"

[package.extras]
datalib = ["numpy (>=1)", "pandas (>=1.2.3)", "pandas-stubs (>=1.1.0.11)"]

[[package]]
name = "pycparser"
version = "2.21"
description = "C parser in Python"
optional = false
python-versions = ">=2.7, !=3.0.*, !=3.1.*, !=3.2.*, !=3.3.*"
files = [
    {file = "pycparser-2.21-py2.py3-none-any.whl", hash = "sha256:8ee45429555515e1f6b185e78100aea234072576aa43ab53aefcae078162fca9"},
    {file = "pycparser-2.21.tar.gz", hash = "sha256:e644fdec12f7872f86c58ff790da456218b10f863970249516d60a5eaca77206"},
]

[[package]]
name = "pydantic"
version = "2.5.1"
description = "Data validation using Python type hints"
optional = false
python-versions = ">=3.7"
files = [
    {file = "pydantic-2.5.1-py3-none-any.whl", hash = "sha256:dc5244a8939e0d9a68f1f1b5f550b2e1c879912033b1becbedb315accc75441b"},
    {file = "pydantic-2.5.1.tar.gz", hash = "sha256:0b8be5413c06aadfbe56f6dc1d45c9ed25fd43264414c571135c97dd77c2bedb"},
]

[package.dependencies]
annotated-types = ">=0.4.0"
pydantic-core = "2.14.3"
typing-extensions = ">=4.6.1"

[package.extras]
email = ["email-validator (>=2.0.0)"]

[[package]]
name = "pydantic-core"
version = "2.14.3"
description = ""
optional = false
python-versions = ">=3.7"
files = [
    {file = "pydantic_core-2.14.3-cp310-cp310-macosx_10_7_x86_64.whl", hash = "sha256:ba44fad1d114539d6a1509966b20b74d2dec9a5b0ee12dd7fd0a1bb7b8785e5f"},
    {file = "pydantic_core-2.14.3-cp310-cp310-macosx_11_0_arm64.whl", hash = "sha256:4a70d23eedd88a6484aa79a732a90e36701048a1509078d1b59578ef0ea2cdf5"},
    {file = "pydantic_core-2.14.3-cp310-cp310-manylinux_2_17_aarch64.manylinux2014_aarch64.whl", hash = "sha256:7cc24728a1a9cef497697e53b3d085fb4d3bc0ef1ef4d9b424d9cf808f52c146"},
    {file = "pydantic_core-2.14.3-cp310-cp310-manylinux_2_17_armv7l.manylinux2014_armv7l.whl", hash = "sha256:ab4a2381005769a4af2ffddae74d769e8a4aae42e970596208ec6d615c6fb080"},
    {file = "pydantic_core-2.14.3-cp310-cp310-manylinux_2_17_ppc64le.manylinux2014_ppc64le.whl", hash = "sha256:905a12bf088d6fa20e094f9a477bf84bd823651d8b8384f59bcd50eaa92e6a52"},
    {file = "pydantic_core-2.14.3-cp310-cp310-manylinux_2_17_s390x.manylinux2014_s390x.whl", hash = "sha256:38aed5a1bbc3025859f56d6a32f6e53ca173283cb95348e03480f333b1091e7d"},
    {file = "pydantic_core-2.14.3-cp310-cp310-manylinux_2_17_x86_64.manylinux2014_x86_64.whl", hash = "sha256:1767bd3f6370458e60c1d3d7b1d9c2751cc1ad743434e8ec84625a610c8b9195"},
    {file = "pydantic_core-2.14.3-cp310-cp310-manylinux_2_5_i686.manylinux1_i686.whl", hash = "sha256:7cb0c397f29688a5bd2c0dbd44451bc44ebb9b22babc90f97db5ec3e5bb69977"},
    {file = "pydantic_core-2.14.3-cp310-cp310-musllinux_1_1_aarch64.whl", hash = "sha256:9ff737f24b34ed26de62d481ef522f233d3c5927279f6b7229de9b0deb3f76b5"},
    {file = "pydantic_core-2.14.3-cp310-cp310-musllinux_1_1_x86_64.whl", hash = "sha256:a1a39fecb5f0b19faee9a8a8176c805ed78ce45d760259a4ff3d21a7daa4dfc1"},
    {file = "pydantic_core-2.14.3-cp310-none-win32.whl", hash = "sha256:ccbf355b7276593c68fa824030e68cb29f630c50e20cb11ebb0ee450ae6b3d08"},
    {file = "pydantic_core-2.14.3-cp310-none-win_amd64.whl", hash = "sha256:536e1f58419e1ec35f6d1310c88496f0d60e4f182cacb773d38076f66a60b149"},
    {file = "pydantic_core-2.14.3-cp311-cp311-macosx_10_7_x86_64.whl", hash = "sha256:f1f46700402312bdc31912f6fc17f5ecaaaa3bafe5487c48f07c800052736289"},
    {file = "pydantic_core-2.14.3-cp311-cp311-macosx_11_0_arm64.whl", hash = "sha256:88ec906eb2d92420f5b074f59cf9e50b3bb44f3cb70e6512099fdd4d88c2f87c"},
    {file = "pydantic_core-2.14.3-cp311-cp311-manylinux_2_17_aarch64.manylinux2014_aarch64.whl", hash = "sha256:056ea7cc3c92a7d2a14b5bc9c9fa14efa794d9f05b9794206d089d06d3433dc7"},
    {file = "pydantic_core-2.14.3-cp311-cp311-manylinux_2_17_armv7l.manylinux2014_armv7l.whl", hash = "sha256:076edc972b68a66870cec41a4efdd72a6b655c4098a232314b02d2bfa3bfa157"},
    {file = "pydantic_core-2.14.3-cp311-cp311-manylinux_2_17_ppc64le.manylinux2014_ppc64le.whl", hash = "sha256:e71f666c3bf019f2490a47dddb44c3ccea2e69ac882f7495c68dc14d4065eac2"},
    {file = "pydantic_core-2.14.3-cp311-cp311-manylinux_2_17_s390x.manylinux2014_s390x.whl", hash = "sha256:f518eac285c9632be337323eef9824a856f2680f943a9b68ac41d5f5bad7df7c"},
    {file = "pydantic_core-2.14.3-cp311-cp311-manylinux_2_17_x86_64.manylinux2014_x86_64.whl", hash = "sha256:9dbab442a8d9ca918b4ed99db8d89d11b1f067a7dadb642476ad0889560dac79"},
    {file = "pydantic_core-2.14.3-cp311-cp311-manylinux_2_5_i686.manylinux1_i686.whl", hash = "sha256:0653fb9fc2fa6787f2fa08631314ab7fc8070307bd344bf9471d1b7207c24623"},
    {file = "pydantic_core-2.14.3-cp311-cp311-musllinux_1_1_aarch64.whl", hash = "sha256:c54af5069da58ea643ad34ff32fd6bc4eebb8ae0fef9821cd8919063e0aeeaab"},
    {file = "pydantic_core-2.14.3-cp311-cp311-musllinux_1_1_x86_64.whl", hash = "sha256:cc956f78651778ec1ab105196e90e0e5f5275884793ab67c60938c75bcca3989"},
    {file = "pydantic_core-2.14.3-cp311-none-win32.whl", hash = "sha256:5b73441a1159f1fb37353aaefb9e801ab35a07dd93cb8177504b25a317f4215a"},
    {file = "pydantic_core-2.14.3-cp311-none-win_amd64.whl", hash = "sha256:7349f99f1ef8b940b309179733f2cad2e6037a29560f1b03fdc6aa6be0a8d03c"},
    {file = "pydantic_core-2.14.3-cp311-none-win_arm64.whl", hash = "sha256:ec79dbe23702795944d2ae4c6925e35a075b88acd0d20acde7c77a817ebbce94"},
    {file = "pydantic_core-2.14.3-cp312-cp312-macosx_10_7_x86_64.whl", hash = "sha256:8f5624f0f67f2b9ecaa812e1dfd2e35b256487566585160c6c19268bf2ffeccc"},
    {file = "pydantic_core-2.14.3-cp312-cp312-macosx_11_0_arm64.whl", hash = "sha256:6c2d118d1b6c9e2d577e215567eedbe11804c3aafa76d39ec1f8bc74e918fd07"},
    {file = "pydantic_core-2.14.3-cp312-cp312-manylinux_2_17_aarch64.manylinux2014_aarch64.whl", hash = "sha256:fe863491664c6720d65ae438d4efaa5eca766565a53adb53bf14bc3246c72fe0"},
    {file = "pydantic_core-2.14.3-cp312-cp312-manylinux_2_17_armv7l.manylinux2014_armv7l.whl", hash = "sha256:136bc7247e97a921a020abbd6ef3169af97569869cd6eff41b6a15a73c44ea9b"},
    {file = "pydantic_core-2.14.3-cp312-cp312-manylinux_2_17_ppc64le.manylinux2014_ppc64le.whl", hash = "sha256:aeafc7f5bbddc46213707266cadc94439bfa87ecf699444de8be044d6d6eb26f"},
    {file = "pydantic_core-2.14.3-cp312-cp312-manylinux_2_17_s390x.manylinux2014_s390x.whl", hash = "sha256:e16aaf788f1de5a85c8f8fcc9c1ca1dd7dd52b8ad30a7889ca31c7c7606615b8"},
    {file = "pydantic_core-2.14.3-cp312-cp312-manylinux_2_17_x86_64.manylinux2014_x86_64.whl", hash = "sha256:f8fc652c354d3362e2932a79d5ac4bbd7170757a41a62c4fe0f057d29f10bebb"},
    {file = "pydantic_core-2.14.3-cp312-cp312-manylinux_2_5_i686.manylinux1_i686.whl", hash = "sha256:f1b92e72babfd56585c75caf44f0b15258c58e6be23bc33f90885cebffde3400"},
    {file = "pydantic_core-2.14.3-cp312-cp312-musllinux_1_1_aarch64.whl", hash = "sha256:75f3f534f33651b73f4d3a16d0254de096f43737d51e981478d580f4b006b427"},
    {file = "pydantic_core-2.14.3-cp312-cp312-musllinux_1_1_x86_64.whl", hash = "sha256:c9ffd823c46e05ef3eb28b821aa7bc501efa95ba8880b4a1380068e32c5bed47"},
    {file = "pydantic_core-2.14.3-cp312-none-win32.whl", hash = "sha256:12e05a76b223577a4696c76d7a6b36a0ccc491ffb3c6a8cf92d8001d93ddfd63"},
    {file = "pydantic_core-2.14.3-cp312-none-win_amd64.whl", hash = "sha256:1582f01eaf0537a696c846bea92082082b6bfc1103a88e777e983ea9fbdc2a0f"},
    {file = "pydantic_core-2.14.3-cp312-none-win_arm64.whl", hash = "sha256:96fb679c7ca12a512d36d01c174a4fbfd912b5535cc722eb2c010c7b44eceb8e"},
    {file = "pydantic_core-2.14.3-cp37-cp37m-macosx_10_7_x86_64.whl", hash = "sha256:71ed769b58d44e0bc2701aa59eb199b6665c16e8a5b8b4a84db01f71580ec448"},
    {file = "pydantic_core-2.14.3-cp37-cp37m-macosx_11_0_arm64.whl", hash = "sha256:5402ee0f61e7798ea93a01b0489520f2abfd9b57b76b82c93714c4318c66ca06"},
    {file = "pydantic_core-2.14.3-cp37-cp37m-manylinux_2_17_aarch64.manylinux2014_aarch64.whl", hash = "sha256:eaab9dc009e22726c62fe3b850b797e7f0e7ba76d245284d1064081f512c7226"},
    {file = "pydantic_core-2.14.3-cp37-cp37m-manylinux_2_17_armv7l.manylinux2014_armv7l.whl", hash = "sha256:92486a04d54987054f8b4405a9af9d482e5100d6fe6374fc3303015983fc8bda"},
    {file = "pydantic_core-2.14.3-cp37-cp37m-manylinux_2_17_ppc64le.manylinux2014_ppc64le.whl", hash = "sha256:cf08b43d1d5d1678f295f0431a4a7e1707d4652576e1d0f8914b5e0213bfeee5"},
    {file = "pydantic_core-2.14.3-cp37-cp37m-manylinux_2_17_s390x.manylinux2014_s390x.whl", hash = "sha256:a8ca13480ce16daad0504be6ce893b0ee8ec34cd43b993b754198a89e2787f7e"},
    {file = "pydantic_core-2.14.3-cp37-cp37m-manylinux_2_17_x86_64.manylinux2014_x86_64.whl", hash = "sha256:44afa3c18d45053fe8d8228950ee4c8eaf3b5a7f3b64963fdeac19b8342c987f"},
    {file = "pydantic_core-2.14.3-cp37-cp37m-manylinux_2_5_i686.manylinux1_i686.whl", hash = "sha256:56814b41486e2d712a8bc02a7b1f17b87fa30999d2323bbd13cf0e52296813a1"},
    {file = "pydantic_core-2.14.3-cp37-cp37m-musllinux_1_1_aarch64.whl", hash = "sha256:c3dc2920cc96f9aa40c6dc54256e436cc95c0a15562eb7bd579e1811593c377e"},
    {file = "pydantic_core-2.14.3-cp37-cp37m-musllinux_1_1_x86_64.whl", hash = "sha256:e483b8b913fcd3b48badec54185c150cb7ab0e6487914b84dc7cde2365e0c892"},
    {file = "pydantic_core-2.14.3-cp37-none-win32.whl", hash = "sha256:364dba61494e48f01ef50ae430e392f67ee1ee27e048daeda0e9d21c3ab2d609"},
    {file = "pydantic_core-2.14.3-cp37-none-win_amd64.whl", hash = "sha256:a402ae1066be594701ac45661278dc4a466fb684258d1a2c434de54971b006ca"},
    {file = "pydantic_core-2.14.3-cp38-cp38-macosx_10_7_x86_64.whl", hash = "sha256:10904368261e4509c091cbcc067e5a88b070ed9a10f7ad78f3029c175487490f"},
    {file = "pydantic_core-2.14.3-cp38-cp38-macosx_11_0_arm64.whl", hash = "sha256:260692420028319e201b8649b13ac0988974eeafaaef95d0dfbf7120c38dc000"},
    {file = "pydantic_core-2.14.3-cp38-cp38-manylinux_2_17_aarch64.manylinux2014_aarch64.whl", hash = "sha256:3c1bf1a7b05a65d3b37a9adea98e195e0081be6b17ca03a86f92aeb8b110f468"},
    {file = "pydantic_core-2.14.3-cp38-cp38-manylinux_2_17_armv7l.manylinux2014_armv7l.whl", hash = "sha256:d7abd17a838a52140e3aeca271054e321226f52df7e0a9f0da8f91ea123afe98"},
    {file = "pydantic_core-2.14.3-cp38-cp38-manylinux_2_17_ppc64le.manylinux2014_ppc64le.whl", hash = "sha256:a5c51460ede609fbb4fa883a8fe16e749964ddb459966d0518991ec02eb8dfb9"},
    {file = "pydantic_core-2.14.3-cp38-cp38-manylinux_2_17_s390x.manylinux2014_s390x.whl", hash = "sha256:d06c78074646111fb01836585f1198367b17d57c9f427e07aaa9ff499003e58d"},
    {file = "pydantic_core-2.14.3-cp38-cp38-manylinux_2_17_x86_64.manylinux2014_x86_64.whl", hash = "sha256:af452e69446fadf247f18ac5d153b1f7e61ef708f23ce85d8c52833748c58075"},
    {file = "pydantic_core-2.14.3-cp38-cp38-manylinux_2_5_i686.manylinux1_i686.whl", hash = "sha256:e3ad4968711fb379a67c8c755beb4dae8b721a83737737b7bcee27c05400b047"},
    {file = "pydantic_core-2.14.3-cp38-cp38-musllinux_1_1_aarch64.whl", hash = "sha256:c5ea0153482e5b4d601c25465771c7267c99fddf5d3f3bdc238ef930e6d051cf"},
    {file = "pydantic_core-2.14.3-cp38-cp38-musllinux_1_1_x86_64.whl", hash = "sha256:96eb10ef8920990e703da348bb25fedb8b8653b5966e4e078e5be382b430f9e0"},
    {file = "pydantic_core-2.14.3-cp38-none-win32.whl", hash = "sha256:ea1498ce4491236d1cffa0eee9ad0968b6ecb0c1cd711699c5677fc689905f00"},
    {file = "pydantic_core-2.14.3-cp38-none-win_amd64.whl", hash = "sha256:2bc736725f9bd18a60eec0ed6ef9b06b9785454c8d0105f2be16e4d6274e63d0"},
    {file = "pydantic_core-2.14.3-cp39-cp39-macosx_10_7_x86_64.whl", hash = "sha256:1ea992659c03c3ea811d55fc0a997bec9dde863a617cc7b25cfde69ef32e55af"},
    {file = "pydantic_core-2.14.3-cp39-cp39-macosx_11_0_arm64.whl", hash = "sha256:d2b53e1f851a2b406bbb5ac58e16c4a5496038eddd856cc900278fa0da97f3fc"},
    {file = "pydantic_core-2.14.3-cp39-cp39-manylinux_2_17_aarch64.manylinux2014_aarch64.whl", hash = "sha256:0c7f8e8a7cf8e81ca7d44bea4f181783630959d41b4b51d2f74bc50f348a090f"},
    {file = "pydantic_core-2.14.3-cp39-cp39-manylinux_2_17_armv7l.manylinux2014_armv7l.whl", hash = "sha256:8d3b9c91eeb372a64ec6686c1402afd40cc20f61a0866850f7d989b6bf39a41a"},
    {file = "pydantic_core-2.14.3-cp39-cp39-manylinux_2_17_ppc64le.manylinux2014_ppc64le.whl", hash = "sha256:9ef3e2e407e4cad2df3c89488a761ed1f1c33f3b826a2ea9a411b0a7d1cccf1b"},
    {file = "pydantic_core-2.14.3-cp39-cp39-manylinux_2_17_s390x.manylinux2014_s390x.whl", hash = "sha256:f86f20a9d5bee1a6ede0f2757b917bac6908cde0f5ad9fcb3606db1e2968bcf5"},
    {file = "pydantic_core-2.14.3-cp39-cp39-manylinux_2_17_x86_64.manylinux2014_x86_64.whl", hash = "sha256:61beaa79d392d44dc19d6f11ccd824d3cccb865c4372157c40b92533f8d76dd0"},
    {file = "pydantic_core-2.14.3-cp39-cp39-manylinux_2_5_i686.manylinux1_i686.whl", hash = "sha256:d41df8e10b094640a6b234851b624b76a41552f637b9fb34dc720b9fe4ef3be4"},
    {file = "pydantic_core-2.14.3-cp39-cp39-musllinux_1_1_aarch64.whl", hash = "sha256:2c08ac60c3caa31f825b5dbac47e4875bd4954d8f559650ad9e0b225eaf8ed0c"},
    {file = "pydantic_core-2.14.3-cp39-cp39-musllinux_1_1_x86_64.whl", hash = "sha256:98d8b3932f1a369364606417ded5412c4ffb15bedbcf797c31317e55bd5d920e"},
    {file = "pydantic_core-2.14.3-cp39-none-win32.whl", hash = "sha256:caa94726791e316f0f63049ee00dff3b34a629b0d099f3b594770f7d0d8f1f56"},
    {file = "pydantic_core-2.14.3-cp39-none-win_amd64.whl", hash = "sha256:2494d20e4c22beac30150b4be3b8339bf2a02ab5580fa6553ca274bc08681a65"},
    {file = "pydantic_core-2.14.3-pp310-pypy310_pp73-macosx_10_7_x86_64.whl", hash = "sha256:fe272a72c7ed29f84c42fedd2d06c2f9858dc0c00dae3b34ba15d6d8ae0fbaaf"},
    {file = "pydantic_core-2.14.3-pp310-pypy310_pp73-macosx_11_0_arm64.whl", hash = "sha256:7e63a56eb7fdee1587d62f753ccd6d5fa24fbeea57a40d9d8beaef679a24bdd6"},
    {file = "pydantic_core-2.14.3-pp310-pypy310_pp73-manylinux_2_17_aarch64.manylinux2014_aarch64.whl", hash = "sha256:b7692f539a26265cece1e27e366df5b976a6db6b1f825a9e0466395b314ee48b"},
    {file = "pydantic_core-2.14.3-pp310-pypy310_pp73-manylinux_2_17_x86_64.manylinux2014_x86_64.whl", hash = "sha256:af46f0b7a1342b49f208fed31f5a83b8495bb14b652f621e0a6787d2f10f24ee"},
    {file = "pydantic_core-2.14.3-pp310-pypy310_pp73-manylinux_2_5_i686.manylinux1_i686.whl", hash = "sha256:6e2f9d76c00e805d47f19c7a96a14e4135238a7551a18bfd89bb757993fd0933"},
    {file = "pydantic_core-2.14.3-pp310-pypy310_pp73-musllinux_1_1_aarch64.whl", hash = "sha256:de52ddfa6e10e892d00f747bf7135d7007302ad82e243cf16d89dd77b03b649d"},
    {file = "pydantic_core-2.14.3-pp310-pypy310_pp73-musllinux_1_1_x86_64.whl", hash = "sha256:38113856c7fad8c19be7ddd57df0c3e77b1b2336459cb03ee3903ce9d5e236ce"},
    {file = "pydantic_core-2.14.3-pp310-pypy310_pp73-win_amd64.whl", hash = "sha256:354db020b1f8f11207b35360b92d95725621eb92656725c849a61e4b550f4acc"},
    {file = "pydantic_core-2.14.3-pp37-pypy37_pp73-macosx_10_7_x86_64.whl", hash = "sha256:76fc18653a5c95e5301a52d1b5afb27c9adc77175bf00f73e94f501caf0e05ad"},
    {file = "pydantic_core-2.14.3-pp37-pypy37_pp73-manylinux_2_17_aarch64.manylinux2014_aarch64.whl", hash = "sha256:2646f8270f932d79ba61102a15ea19a50ae0d43b314e22b3f8f4b5fabbfa6e38"},
    {file = "pydantic_core-2.14.3-pp37-pypy37_pp73-manylinux_2_17_x86_64.manylinux2014_x86_64.whl", hash = "sha256:37dad73a2f82975ed563d6a277fd9b50e5d9c79910c4aec787e2d63547202315"},
    {file = "pydantic_core-2.14.3-pp37-pypy37_pp73-manylinux_2_5_i686.manylinux1_i686.whl", hash = "sha256:113752a55a8eaece2e4ac96bc8817f134c2c23477e477d085ba89e3aa0f4dc44"},
    {file = "pydantic_core-2.14.3-pp37-pypy37_pp73-musllinux_1_1_aarch64.whl", hash = "sha256:8488e973547e8fb1b4193fd9faf5236cf1b7cd5e9e6dc7ff6b4d9afdc4c720cb"},
    {file = "pydantic_core-2.14.3-pp37-pypy37_pp73-musllinux_1_1_x86_64.whl", hash = "sha256:3d1dde10bd9962b1434053239b1d5490fc31a2b02d8950a5f731bc584c7a5a0f"},
    {file = "pydantic_core-2.14.3-pp38-pypy38_pp73-macosx_10_7_x86_64.whl", hash = "sha256:2c83892c7bf92b91d30faca53bb8ea21f9d7e39f0ae4008ef2c2f91116d0464a"},
    {file = "pydantic_core-2.14.3-pp38-pypy38_pp73-macosx_11_0_arm64.whl", hash = "sha256:849cff945284c577c5f621d2df76ca7b60f803cc8663ff01b778ad0af0e39bb9"},
    {file = "pydantic_core-2.14.3-pp38-pypy38_pp73-manylinux_2_17_aarch64.manylinux2014_aarch64.whl", hash = "sha256:4aa89919fbd8a553cd7d03bf23d5bc5deee622e1b5db572121287f0e64979476"},
    {file = "pydantic_core-2.14.3-pp38-pypy38_pp73-manylinux_2_17_x86_64.manylinux2014_x86_64.whl", hash = "sha256:bf15145b1f8056d12c67255cd3ce5d317cd4450d5ee747760d8d088d85d12a2d"},
    {file = "pydantic_core-2.14.3-pp38-pypy38_pp73-manylinux_2_5_i686.manylinux1_i686.whl", hash = "sha256:4cc6bb11f4e8e5ed91d78b9880774fbc0856cb226151b0a93b549c2b26a00c19"},
    {file = "pydantic_core-2.14.3-pp38-pypy38_pp73-musllinux_1_1_aarch64.whl", hash = "sha256:832d16f248ca0cc96929139734ec32d21c67669dcf8a9f3f733c85054429c012"},
    {file = "pydantic_core-2.14.3-pp38-pypy38_pp73-musllinux_1_1_x86_64.whl", hash = "sha256:b02b5e1f54c3396c48b665050464803c23c685716eb5d82a1d81bf81b5230da4"},
    {file = "pydantic_core-2.14.3-pp38-pypy38_pp73-win_amd64.whl", hash = "sha256:1f2d4516c32255782153e858f9a900ca6deadfb217fd3fb21bb2b60b4e04d04d"},
    {file = "pydantic_core-2.14.3-pp39-pypy39_pp73-macosx_10_7_x86_64.whl", hash = "sha256:0a3e51c2be472b7867eb0c5d025b91400c2b73a0823b89d4303a9097e2ec6655"},
    {file = "pydantic_core-2.14.3-pp39-pypy39_pp73-macosx_11_0_arm64.whl", hash = "sha256:df33902464410a1f1a0411a235f0a34e7e129f12cb6340daca0f9d1390f5fe10"},
    {file = "pydantic_core-2.14.3-pp39-pypy39_pp73-manylinux_2_17_aarch64.manylinux2014_aarch64.whl", hash = "sha256:27828f0227b54804aac6fb077b6bb48e640b5435fdd7fbf0c274093a7b78b69c"},
    {file = "pydantic_core-2.14.3-pp39-pypy39_pp73-manylinux_2_17_x86_64.manylinux2014_x86_64.whl", hash = "sha256:1e2979dc80246e18e348de51246d4c9b410186ffa3c50e77924bec436b1e36cb"},
    {file = "pydantic_core-2.14.3-pp39-pypy39_pp73-manylinux_2_5_i686.manylinux1_i686.whl", hash = "sha256:b28996872b48baf829ee75fa06998b607c66a4847ac838e6fd7473a6b2ab68e7"},
    {file = "pydantic_core-2.14.3-pp39-pypy39_pp73-musllinux_1_1_aarch64.whl", hash = "sha256:ca55c9671bb637ce13d18ef352fd32ae7aba21b4402f300a63f1fb1fd18e0364"},
    {file = "pydantic_core-2.14.3-pp39-pypy39_pp73-musllinux_1_1_x86_64.whl", hash = "sha256:aecd5ed096b0e5d93fb0367fd8f417cef38ea30b786f2501f6c34eabd9062c38"},
    {file = "pydantic_core-2.14.3-pp39-pypy39_pp73-win_amd64.whl", hash = "sha256:44aaf1a07ad0824e407dafc637a852e9a44d94664293bbe7d8ee549c356c8882"},
    {file = "pydantic_core-2.14.3.tar.gz", hash = "sha256:3ad083df8fe342d4d8d00cc1d3c1a23f0dc84fce416eb301e69f1ddbbe124d3f"},
]

[package.dependencies]
typing-extensions = ">=4.6.0,<4.7.0 || >4.7.0"

[[package]]
name = "pysimplegui"
version = "4.60.5"
description = "Python GUIs for Humans. Launched in 2018. It's 2022 & PySimpleGUI is an ACTIVE & supported project. Super-simple to create custom GUI's. 325+ Demo programs & Cookbook for rapid start. Extensive documentation. Main docs at www.PySimpleGUI.org. Fun & your success are the focus. Examples using Machine Learning (GUI, OpenCV Integration), Rainmeter Style Desktop Widgets, Matplotlib + Pyplot, PIL support, add GUI to command line scripts, PDF & Image Viewers. Great for beginners & advanced GUI programmers."
optional = false
python-versions = "*"
files = [
    {file = "PySimpleGUI-4.60.5-py3-none-any.whl", hash = "sha256:004f33311ee685a5287fad54f500f7290b40d7c806044e478b1384f85dedce64"},
    {file = "PySimpleGUI-4.60.5.tar.gz", hash = "sha256:31014d1cc5eef1373d7e93564ff2604662645cc774a939b1f01aa253e7f9d78b"},
]

[[package]]
name = "python-dotenv"
version = "1.0.0"
description = "Read key-value pairs from a .env file and set them as environment variables"
optional = false
python-versions = ">=3.8"
files = [
    {file = "python-dotenv-1.0.0.tar.gz", hash = "sha256:a8df96034aae6d2d50a4ebe8216326c61c3eb64836776504fcca410e5937a3ba"},
    {file = "python_dotenv-1.0.0-py3-none-any.whl", hash = "sha256:f5971a9226b701070a4bf2c38c89e5a3f0d64de8debda981d1db98583009122a"},
]

[package.extras]
cli = ["click (>=5.0)"]

[[package]]
name = "sniffio"
version = "1.3.0"
description = "Sniff out which async library your code is running under"
optional = false
python-versions = ">=3.7"
files = [
    {file = "sniffio-1.3.0-py3-none-any.whl", hash = "sha256:eecefdce1e5bbfb7ad2eeaabf7c1eeb404d7757c379bd1f7e5cce9d8bf425384"},
    {file = "sniffio-1.3.0.tar.gz", hash = "sha256:e60305c5e5d314f5389259b7f22aaa33d8f7dee49763119234af3755c55b9101"},
]

[[package]]
name = "sounddevice"
version = "0.4.6"
description = "Play and Record Sound with Python"
optional = false
python-versions = ">=3.7"
files = [
    {file = "sounddevice-0.4.6-py3-none-any.whl", hash = "sha256:5de768ba6fe56ad2b5aaa2eea794b76b73e427961c95acad2ee2ed7f866a4b20"},
    {file = "sounddevice-0.4.6-py3-none-macosx_10_6_x86_64.macosx_10_6_universal2.whl", hash = "sha256:8b0b806c205dd3e3cd5a97262b2482624fd21db7d47083b887090148a08051c8"},
    {file = "sounddevice-0.4.6-py3-none-win32.whl", hash = "sha256:e3ba6e674ffa8f79a591d744a1d4ab922fe5bdfd4faf8b25069a08e051010b7b"},
    {file = "sounddevice-0.4.6-py3-none-win_amd64.whl", hash = "sha256:7830d4f8f8570f2e5552942f81d96999c5fcd9a0b682d6fc5d5c5529df23be2c"},
    {file = "sounddevice-0.4.6.tar.gz", hash = "sha256:3236b78f15f0415bdf006a620cef073d0c0522851d66f4a961ed6d8eb1482fe9"},
]

[package.dependencies]
CFFI = ">=1.0"

[package.extras]
numpy = ["NumPy"]

[[package]]
name = "soundfile"
version = "0.12.1"
description = "An audio library based on libsndfile, CFFI and NumPy"
optional = false
python-versions = "*"
files = [
    {file = "soundfile-0.12.1-py2.py3-none-any.whl", hash = "sha256:828a79c2e75abab5359f780c81dccd4953c45a2c4cd4f05ba3e233ddf984b882"},
    {file = "soundfile-0.12.1-py2.py3-none-macosx_10_9_x86_64.whl", hash = "sha256:d922be1563ce17a69582a352a86f28ed8c9f6a8bc951df63476ffc310c064bfa"},
    {file = "soundfile-0.12.1-py2.py3-none-macosx_11_0_arm64.whl", hash = "sha256:bceaab5c4febb11ea0554566784bcf4bc2e3977b53946dda2b12804b4fe524a8"},
    {file = "soundfile-0.12.1-py2.py3-none-manylinux_2_17_x86_64.whl", hash = "sha256:2dc3685bed7187c072a46ab4ffddd38cef7de9ae5eb05c03df2ad569cf4dacbc"},
    {file = "soundfile-0.12.1-py2.py3-none-manylinux_2_31_x86_64.whl", hash = "sha256:074247b771a181859d2bc1f98b5ebf6d5153d2c397b86ee9e29ba602a8dfe2a6"},
    {file = "soundfile-0.12.1-py2.py3-none-win32.whl", hash = "sha256:59dfd88c79b48f441bbf6994142a19ab1de3b9bb7c12863402c2bc621e49091a"},
    {file = "soundfile-0.12.1-py2.py3-none-win_amd64.whl", hash = "sha256:0d86924c00b62552b650ddd28af426e3ff2d4dc2e9047dae5b3d8452e0a49a77"},
    {file = "soundfile-0.12.1.tar.gz", hash = "sha256:e8e1017b2cf1dda767aef19d2fd9ee5ebe07e050d430f77a0a7c66ba08b8cdae"},
]

[package.dependencies]
cffi = ">=1.0"

[package.extras]
numpy = ["numpy"]

[[package]]
name = "tqdm"
version = "4.66.1"
description = "Fast, Extensible Progress Meter"
optional = false
python-versions = ">=3.7"
files = [
    {file = "tqdm-4.66.1-py3-none-any.whl", hash = "sha256:d302b3c5b53d47bce91fea46679d9c3c6508cf6332229aa1e7d8653723793386"},
    {file = "tqdm-4.66.1.tar.gz", hash = "sha256:d88e651f9db8d8551a62556d3cff9e3034274ca5d66e93197cf2490e2dcb69c7"},
]

[package.dependencies]
colorama = {version = "*", markers = "platform_system == \"Windows\""}

[package.extras]
dev = ["pytest (>=6)", "pytest-cov", "pytest-timeout", "pytest-xdist"]
notebook = ["ipywidgets (>=6)"]
slack = ["slack-sdk"]
telegram = ["requests"]

[[package]]
name = "typing-extensions"
version = "4.8.0"
description = "Backported and Experimental Type Hints for Python 3.8+"
optional = false
python-versions = ">=3.8"
files = [
    {file = "typing_extensions-4.8.0-py3-none-any.whl", hash = "sha256:8f92fc8806f9a6b641eaa5318da32b44d401efaac0f6678c9bc448ba3605faa0"},
    {file = "typing_extensions-4.8.0.tar.gz", hash = "sha256:df8e4339e9cb77357558cbdbceca33c303714cf861d1eef15e1070055ae8b7ef"},
]

[[package]]
name = "win32-setctime"
version = "1.1.0"
description = "A small Python utility to set file creation time on Windows"
optional = false
python-versions = ">=3.5"
files = [
    {file = "win32_setctime-1.1.0-py3-none-any.whl", hash = "sha256:231db239e959c2fe7eb1d7dc129f11172354f98361c4fa2d6d2d7e278baa8aad"},
    {file = "win32_setctime-1.1.0.tar.gz", hash = "sha256:15cf5750465118d6929ae4de4eb46e8edae9a5634350c01ba582df868e932cb2"},
]

[package.extras]
dev = ["black (>=19.3b0)", "pytest (>=4.6.2)"]

[metadata]
lock-version = "2.0"
python-versions = "^3.10"
content-hash = "709fa6fd7d76d168a170ad5645fb4238708bf2c66e7717b331c5c6db76fd16e2"
